{
  "name": "typescript-repro",
  "lockfileVersion": 2,
  "requires": true,
  "packages": {
    "": {
      "dependencies": {
        "b": "file:b",
        "c": "file:c",
        "typescript": "^5.6.2"
      }
    },
    "b": {
      "dependencies": {
        "d": "file:../d",
        "typescript": "^5.6.2"
      }
    },
    "c": {
      "dependencies": {
        "d": "file:../d",
        "typescript": "^5.6.2"
      }
    },
    "d": {
      "dependencies": {
        "typescript": "^5.6.2"
      }
    },
    "node_modules/b": {
      "resolved": "b",
      "link": true
    },
    "node_modules/c": {
      "resolved": "c",
      "link": true
    },
    "node_modules/d": {
      "resolved": "d",
      "link": true
    },
    "node_modules/typescript": {
      "version": "5.6.2",
      "resolved": "https://registry.npmjs.org/typescript/-/typescript-5.6.2.tgz",
      "integrity": "sha512-NW8ByodCSNCwZeghjN3o+JX5OFH0Ojg6sadjEKY4huZ52TqbJTJnDo5+Tw98lSy63NZvi4n+ez5m2u5d4PkZyw==",
      "bin": {
        "tsc": "bin/tsc",
        "tsserver": "bin/tsserver"
      },
      "engines": {
        "node": ">=14.17"
      }
    }
  },
  "dependencies": {
    "b": {
      "version": "file:b",
      "requires": {
        "d": "file:../d",
        "typescript": "^5.6.2"
      }
    },
    "c": {
      "version": "file:c",
      "requires": {
        "d": "file:../d",
        "typescript": "^5.6.2"
      }
    },
    "d": {
      "version": "file:d",
      "requires": {
        "typescript": "^5.6.2"
      }
    },
    "typescript": {
      "version": "5.6.2",
      "resolved": "https://registry.npmjs.org/typescript/-/typescript-5.6.2.tgz",
      "integrity": "sha512-NW8ByodCSNCwZeghjN3o+JX5OFH0Ojg6sadjEKY4huZ52TqbJTJnDo5+Tw98lSy63NZvi4n+ez5m2u5d4PkZyw=="
    }
  }
}
